<?xml version="1.0" encoding="utf-8"?>
<Project ToolsVersion="4.0" xmlns="http://schemas.microsoft.com/developer/msbuild/2003">
  <ItemGroup>
    <Filter Include="Window">
      <UniqueIdentifier>{93995380-89BD-4b04-88EB-625FBE52EBFB}</UniqueIdentifier>
      <Extensions>h;hh;hpp;hxx;h++;hm;inl;inc;ipp;xsd</Extensions>
    </Filter>
    <Filter Include="Color">
      <UniqueIdentifier>{2d31ecde-9b4e-4bb1-93af-d5b57ca60fbb}</UniqueIdentifier>
    </Filter>
    <Filter Include="CheckError">
      <UniqueIdentifier>{8863cd3d-75ec-407b-a2e5-6052838d93cc}</UniqueIdentifier>
    </Filter>
    <Filter Include="GLAD">
      <UniqueIdentifier>{4FC737F1-C7A5-4376-A066-2A32D752A2FF}</UniqueIdentifier>
      <Extensions>cpp;c;cc;cxx;c++;cppm;ixx;def;odl;idl;hpj;bat;asm;asmx</Extensions>
    </Filter>
    <Filter Include="Imgui">
      <UniqueIdentifier>{c3a7d245-850b-4071-9ee7-3f47ecf51163}</UniqueIdentifier>
    </Filter>
    <Filter Include="GLVertexBuffer">
      <UniqueIdentifier>{822e83cd-927d-4015-a91b-d9c66c5bb749}</UniqueIdentifier>
    </Filter>
    <Filter Include="GLVertexArrayObject">
      <UniqueIdentifier>{0412b015-bdc7-489a-9169-2f9a64c14e81}</UniqueIdentifier>
    </Filter>
    <Filter Include="GLVertexBufferObject">
      <UniqueIdentifier>{8a053890-c93c-422c-8a6a-3bbfd04c6daa}</UniqueIdentifier>
    </Filter>
    <Filter Include="GLShader">
      <UniqueIdentifier>{d1ffe762-ac04-4570-864d-5a9a59c159f1}</UniqueIdentifier>
    </Filter>
    <Filter Include="Graphic-Engine">
      <UniqueIdentifier>{e8f237e1-851c-4ac8-8e04-8ecb0fd400ef}</UniqueIdentifier>
    </Filter>
  </ItemGroup>
  <ItemGroup>
    <ClCompile Include="..\external\include\GLAD\src\glad.c">
      <Filter>GLAD</Filter>
    </ClCompile>
    <ClCompile Include="source\window\window.cpp">
      <Filter>Window</Filter>
    </ClCompile>
    <ClCompile Include="include\color\color.cpp">
      <Filter>Color</Filter>
    </ClCompile>
    <ClCompile Include="include\check\check.cpp">
      <Filter>CheckError</Filter>
    </ClCompile>
    <ClCompile Include="source\Imgui\imgui.cpp">
      <Filter>Imgui</Filter>
    </ClCompile>
    <ClCompile Include="source\Imgui\imgui_demo.cpp">
      <Filter>Imgui</Filter>
    </ClCompile>
    <ClCompile Include="source\Imgui\imgui_draw.cpp">
      <Filter>Imgui</Filter>
    </ClCompile>
    <ClCompile Include="source\Imgui\imgui_impl_glfw.cpp">
      <Filter>Imgui</Filter>
    </ClCompile>
    <ClCompile Include="source\Imgui\imgui_impl_opengl3.cpp">
      <Filter>Imgui</Filter>
    </ClCompile>
    <ClCompile Include="source\Imgui\imgui_tables.cpp">
      <Filter>Imgui</Filter>
    </ClCompile>
    <ClCompile Include="source\Imgui\imgui_widgets.cpp">
      <Filter>Imgui</Filter>
    </ClCompile>
    <ClCompile Include="include\Imgui\ImguiHelper.cpp">
      <Filter>Imgui</Filter>
    </ClCompile>
    <ClCompile Include="source\GLIndexBuffer\GLIndexBuffer.cpp">
      <Filter>GLVertexBuffer</Filter>
    </ClCompile>
    <ClCompile Include="source\GLVertexArrayBuffer\GLVertexArray.cpp">
      <Filter>GLVertexArrayObject</Filter>
    </ClCompile>
    <ClCompile Include="source\GLVertexBuffer\GLVertexBuffer.cpp">
      <Filter>GLVertexBufferObject</Filter>
    </ClCompile>
    <ClCompile Include="source\GLShader\GLShader.cpp">
      <Filter>GLShader</Filter>
    </ClCompile>
  </ItemGroup>
  <ItemGroup>
    <ClInclude Include="include\window\window.h">
      <Filter>Window</Filter>
    </ClInclude>
    <ClInclude Include="include\color\color.h">
      <Filter>Color</Filter>
    </ClInclude>
    <ClInclude Include="include\check\check.h">
      <Filter>CheckError</Filter>
    </ClInclude>
    <ClInclude Include="include\Imgui\imconfig.h">
      <Filter>Imgui</Filter>
    </ClInclude>
    <ClInclude Include="include\Imgui\imgui.h">
      <Filter>Imgui</Filter>
    </ClInclude>
    <ClInclude Include="include\Imgui\imgui_impl_glfw.h">
      <Filter>Imgui</Filter>
    </ClInclude>
    <ClInclude Include="include\Imgui\imgui_impl_opengl3.h">
      <Filter>Imgui</Filter>
    </ClInclude>
    <ClInclude Include="include\Imgui\imgui_impl_opengl3_loader.h">
      <Filter>Imgui</Filter>
    </ClInclude>
    <ClInclude Include="include\Imgui\imgui_internal.h">
      <Filter>Imgui</Filter>
    </ClInclude>
    <ClInclude Include="include\Imgui\imstb_rectpack.h">
      <Filter>Imgui</Filter>
    </ClInclude>
    <ClInclude Include="include\Imgui\imstb_textedit.h">
      <Filter>Imgui</Filter>
    </ClInclude>
    <ClInclude Include="include\Imgui\imstb_truetype.h">
      <Filter>Imgui</Filter>
    </ClInclude>
    <ClInclude Include="include\Imgui\ImguiHelper.h">
      <Filter>Imgui</Filter>
    </ClInclude>
    <ClInclude Include="include\GLIndexBuffer\GLIndexBuffer.h">
      <Filter>GLVertexBuffer</Filter>
    </ClInclude>
    <ClInclude Include="include\GLVertexArrayBuffer\GLVertexArray.h">
      <Filter>GLVertexArrayObject</Filter>
    </ClInclude>
    <ClInclude Include="include\GLVertexBuffer\GLVertexBuffer.h">
      <Filter>GLVertexBufferObject</Filter>
    </ClInclude>
    <ClInclude Include="include\GLShader\GLShader.h">
      <Filter>GLShader</Filter>
    </ClInclude>
  </ItemGroup>
</Project>